
Microsoft Visual Studio Solution File, Format Version 12.00
# Visual Studio Version 17
VisualStudioVersion = 17.12.35527.113
MinimumVisualStudioVersion = 10.0.40219.1
Project("{FAE04EC0-301F-11D3-BF4B-00C04F79EFBC}") = "Photozhop", "Photozhop.csproj", "{F0C2A3B1-C0D7-450F-997D-EBA092FB4412}"
	ProjectSection(ProjectDependencies) = postProject
		{5CFB48FA-2457-4B1B-A09D-9F5FF27B4099} = {5CFB48FA-2457-4B1B-A09D-9F5FF27B4099}
	EndProjectSection
EndProject
Project("{8BC9CEB8-8B4A-11D0-8D11-00A0C91BC942}") = "GaussCoeff", "GaussCoeff\GaussCoeff.vcxproj", "{5CFB48FA-2457-4B1B-A09D-9F5FF27B4099}"
EndProject
Global
	GlobalSection(SolutionConfigurationPlatforms) = preSolution
		Debug|Any CPU = Debug|Any CPU
		Debug|x64 = Debug|x64
		Debug|x86 = Debug|x86
		Release|Any CPU = Release|Any CPU
		Release|x64 = Release|x64
		Release|x86 = Release|x86
	EndGlobalSection
	GlobalSection(ProjectConfigurationPlatforms) = postSolution
		{F0C2A3B1-C0D7-450F-997D-EBA092FB4412}.Debug|Any CPU.ActiveCfg = Debug|Any CPU
		{F0C2A3B1-C0D7-450F-997D-EBA092FB4412}.Debug|Any CPU.Build.0 = Debug|Any CPU
		{F0C2A3B1-C0D7-450F-997D-EBA092FB4412}.Debug|x64.ActiveCfg = Debug|Any CPU
		{F0C2A3B1-C0D7-450F-997D-EBA092FB4412}.Debug|x64.Build.0 = Debug|Any CPU
		{F0C2A3B1-C0D7-450F-997D-EBA092FB4412}.Debug|x86.ActiveCfg = Debug|Any CPU
		{F0C2A3B1-C0D7-450F-997D-EBA092FB4412}.Debug|x86.Build.0 = Debug|Any CPU
		{F0C2A3B1-C0D7-450F-997D-EBA092FB4412}.Release|Any CPU.ActiveCfg = Release|Any CPU
		{F0C2A3B1-C0D7-450F-997D-EBA092FB4412}.Release|Any CPU.Build.0 = Release|Any CPU
		{F0C2A3B1-C0D7-450F-997D-EBA092FB4412}.Release|x64.ActiveCfg = Release|Any CPU
		{F0C2A3B1-C0D7-450F-997D-EBA092FB4412}.Release|x64.Build.0 = Release|Any CPU
		{F0C2A3B1-C0D7-450F-997D-EBA092FB4412}.Release|x86.ActiveCfg = Release|Any CPU
		{F0C2A3B1-C0D7-450F-997D-EBA092FB4412}.Release|x86.Build.0 = Release|Any CPU
		{5CFB48FA-2457-4B1B-A09D-9F5FF27B4099}.Debug|Any CPU.ActiveCfg = Debug|Win32
		{5CFB48FA-2457-4B1B-A09D-9F5FF27B4099}.Debug|Any CPU.Build.0 = Debug|Win32
		{5CFB48FA-2457-4B1B-A09D-9F5FF27B4099}.Debug|x64.ActiveCfg = Debug|x64
		{5CFB48FA-2457-4B1B-A09D-9F5FF27B4099}.Debug|x64.Build.0 = Debug|x64
		{5CFB48FA-2457-4B1B-A09D-9F5FF27B4099}.Debug|x86.ActiveCfg = Debug|Win32
		{5CFB48FA-2457-4B1B-A09D-9F5FF27B4099}.Debug|x86.Build.0 = Debug|Win32
		{5CFB48FA-2457-4B1B-A09D-9F5FF27B4099}.Release|Any CPU.ActiveCfg = Release|Win32
		{5CFB48FA-2457-4B1B-A09D-9F5FF27B4099}.Release|Any CPU.Build.0 = Release|Win32
		{5CFB48FA-2457-4B1B-A09D-9F5FF27B4099}.Release|x64.ActiveCfg = Release|x64
		{5CFB48FA-2457-4B1B-A09D-9F5FF27B4099}.Release|x64.Build.0 = Release|x64
		{5CFB48FA-2457-4B1B-A09D-9F5FF27B4099}.Release|x86.ActiveCfg = Release|Win32
		{5CFB48FA-2457-4B1B-A09D-9F5FF27B4099}.Release|x86.Build.0 = Release|Win32
	EndGlobalSection
	GlobalSection(SolutionProperties) = preSolution
		HideSolutionNode = FALSE
	EndGlobalSection
	GlobalSection(ExtensibilityGlobals) = postSolution
		SolutionGuid = {9AAE8033-AE00-43DD-8595-9A03BDA1584A}
	EndGlobalSection
EndGlobal
